// !$*UTF8*$!
{
	archiveVersion = 1;
	classes = {
	};
	objectVersion = 46;
	objects = {

/* Begin PBXBuildFile section */
		D20E97B5186C0EE0007B4EF6 /* libGoogleAnalyticsServices.a in Frameworks */ = {isa = PBXBuildFile; fileRef = D20E97B4186C0EE0007B4EF6 /* libGoogleAnalyticsServices.a */; };
		D20E97B7186C0F69007B4EF6 /* CoreData.framework in Frameworks */ = {isa = PBXBuildFile; fileRef = D20E97B6186C0F69007B4EF6 /* CoreData.framework */; };
		D20E97B9186C0F6D007B4EF6 /* AdSupport.framework in Frameworks */ = {isa = PBXBuildFile; fileRef = D20E97B8186C0F6D007B4EF6 /* AdSupport.framework */; };
		D20E97BC186C14D9007B4EF6 /* GoogleAnalyticsTools.m in Sources */ = {isa = PBXBuildFile; fileRef = D20E97BB186C14D9007B4EF6 /* GoogleAnalyticsTools.m */; };
		D220976617D878C900FD2492 /* QuartzCore.framework in Frameworks */ = {isa = PBXBuildFile; fileRef = D220976417D878BE00FD2492 /* QuartzCore.framework */; };
		D220976B17D8913C00FD2492 /* SDWebImage.framework in Frameworks */ = {isa = PBXBuildFile; fileRef = D220976A17D8913C00FD2492 /* SDWebImage.framework */; };
		D220976E17D8929E00FD2492 /* ImageIO.framework in Frameworks */ = {isa = PBXBuildFile; fileRef = D220976C17D8929300FD2492 /* ImageIO.framework */; };
		D2225B9317D9C086001F291A /* UIWebViewController.m in Sources */ = {isa = PBXBuildFile; fileRef = D2225B9217D9C086001F291A /* UIWebViewController.m */; };
		D228ECE917E1A23C000BF466 /* UIMainViewController.m in Sources */ = {isa = PBXBuildFile; fileRef = D228ECE717E1A23B000BF466 /* UIMainViewController.m */; };
		D228ECEA17E1A23C000BF466 /* UIMainViewController.xib in Resources */ = {isa = PBXBuildFile; fileRef = D228ECE817E1A23B000BF466 /* UIMainViewController.xib */; };
		D228ECED17E1A28E000BF466 /* loading.png in Resources */ = {isa = PBXBuildFile; fileRef = D228ECEB17E1A28E000BF466 /* loading.png */; };
		D228ECEE17E1A28E000BF466 /* loading@2x.png in Resources */ = {isa = PBXBuildFile; fileRef = D228ECEC17E1A28E000BF466 /* loading@2x.png */; };
		D228ECF117E1AA33000BF466 /* taobao.png in Resources */ = {isa = PBXBuildFile; fileRef = D228ECEF17E1AA33000BF466 /* taobao.png */; };
		D228ECF217E1AA33000BF466 /* taobao@2x.png in Resources */ = {isa = PBXBuildFile; fileRef = D228ECF017E1AA33000BF466 /* taobao@2x.png */; };
		D228ECF517E1AA54000BF466 /* youku.png in Resources */ = {isa = PBXBuildFile; fileRef = D228ECF317E1AA53000BF466 /* youku.png */; };
		D228ECF617E1AA54000BF466 /* youku@2x.png in Resources */ = {isa = PBXBuildFile; fileRef = D228ECF417E1AA53000BF466 /* youku@2x.png */; };
		D228ECF917E1AD8F000BF466 /* opr_add.png in Resources */ = {isa = PBXBuildFile; fileRef = D228ECF717E1AD8E000BF466 /* opr_add.png */; };
		D228ECFA17E1AD8F000BF466 /* opr_add@2x.png in Resources */ = {isa = PBXBuildFile; fileRef = D228ECF817E1AD8F000BF466 /* opr_add@2x.png */; };
		D228ECFD17E1ADA1000BF466 /* opr_clear.png in Resources */ = {isa = PBXBuildFile; fileRef = D228ECFB17E1ADA1000BF466 /* opr_clear.png */; };
		D228ECFE17E1ADA1000BF466 /* opr_clear@2x.png in Resources */ = {isa = PBXBuildFile; fileRef = D228ECFC17E1ADA1000BF466 /* opr_clear@2x.png */; };
		D228ED0117E1ADA8000BF466 /* opr_download.png in Resources */ = {isa = PBXBuildFile; fileRef = D228ECFF17E1ADA7000BF466 /* opr_download.png */; };
		D228ED0217E1ADA8000BF466 /* opr_download@2x.png in Resources */ = {isa = PBXBuildFile; fileRef = D228ED0017E1ADA8000BF466 /* opr_download@2x.png */; };
		D228ED0517E1ADBA000BF466 /* opr_refresh.png in Resources */ = {isa = PBXBuildFile; fileRef = D228ED0317E1ADBA000BF466 /* opr_refresh.png */; };
		D228ED0617E1ADBA000BF466 /* opr_refresh@2x.png in Resources */ = {isa = PBXBuildFile; fileRef = D228ED0417E1ADBA000BF466 /* opr_refresh@2x.png */; };
		D228ED0917E1ADC2000BF466 /* opr_set.png in Resources */ = {isa = PBXBuildFile; fileRef = D228ED0717E1ADC1000BF466 /* opr_set.png */; };
		D228ED0A17E1ADC2000BF466 /* opr_set@2x.png in Resources */ = {isa = PBXBuildFile; fileRef = D228ED0817E1ADC2000BF466 /* opr_set@2x.png */; };
		D228ED0D17E1B0ED000BF466 /* building.png in Resources */ = {isa = PBXBuildFile; fileRef = D228ED0B17E1B0EB000BF466 /* building.png */; };
		D228ED0E17E1B0ED000BF466 /* building@2x.png in Resources */ = {isa = PBXBuildFile; fileRef = D228ED0C17E1B0EC000BF466 /* building@2x.png */; };
		D228ED1517E1C9DA000BF466 /* back.png in Resources */ = {isa = PBXBuildFile; fileRef = D228ED1317E1C9D8000BF466 /* back.png */; };
		D228ED1617E1C9DA000BF466 /* back@2x.png in Resources */ = {isa = PBXBuildFile; fileRef = D228ED1417E1C9D9000BF466 /* back@2x.png */; };
		D2484B0617D716BF00FC9691 /* UIKit.framework in Frameworks */ = {isa = PBXBuildFile; fileRef = D2484B0517D716BF00FC9691 /* UIKit.framework */; };
		D2484B0817D716BF00FC9691 /* Foundation.framework in Frameworks */ = {isa = PBXBuildFile; fileRef = D2484B0717D716BF00FC9691 /* Foundation.framework */; };
		D2484B0A17D716BF00FC9691 /* CoreGraphics.framework in Frameworks */ = {isa = PBXBuildFile; fileRef = D2484B0917D716BF00FC9691 /* CoreGraphics.framework */; };
		D2484B1017D716BF00FC9691 /* InfoPlist.strings in Resources */ = {isa = PBXBuildFile; fileRef = D2484B0E17D716BF00FC9691 /* InfoPlist.strings */; };
		D2484B1217D716BF00FC9691 /* main.m in Sources */ = {isa = PBXBuildFile; fileRef = D2484B1117D716BF00FC9691 /* main.m */; };
		D2484B1617D716BF00FC9691 /* AppDelegate.m in Sources */ = {isa = PBXBuildFile; fileRef = D2484B1517D716BF00FC9691 /* AppDelegate.m */; };
		D2484B1817D716BF00FC9691 /* Default.png in Resources */ = {isa = PBXBuildFile; fileRef = D2484B1717D716BF00FC9691 /* Default.png */; };
		D2484B1A17D716BF00FC9691 /* Default@2x.png in Resources */ = {isa = PBXBuildFile; fileRef = D2484B1917D716BF00FC9691 /* Default@2x.png */; };
		D2484B1C17D716BF00FC9691 /* Default-568h@2x.png in Resources */ = {isa = PBXBuildFile; fileRef = D2484B1B17D716BF00FC9691 /* Default-568h@2x.png */; };
		D2484C3717D7260300FC9691 /* SystemConfiguration.framework in Frameworks */ = {isa = PBXBuildFile; fileRef = D2484C3517D725F100FC9691 /* SystemConfiguration.framework */; };
		D2484C3917D7261B00FC9691 /* libz.dylib in Frameworks */ = {isa = PBXBuildFile; fileRef = D2484C3817D7261B00FC9691 /* libz.dylib */; };
		D2A6BBBD17D7438E001DD64C /* skype.png in Resources */ = {isa = PBXBuildFile; fileRef = D2A6BBBC17D7438E001DD64C /* skype.png */; };
		D2A6BBBF17D74395001DD64C /* skype@2x.png in Resources */ = {isa = PBXBuildFile; fileRef = D2A6BBBE17D74395001DD64C /* skype@2x.png */; };
		D2A7604E17D8C09E008965ED /* UIPhotoGalleryView.m in Sources */ = {isa = PBXBuildFile; fileRef = D2A7604917D8C09E008965ED /* UIPhotoGalleryView.m */; };
		D2A7604F17D8C09E008965ED /* UITaobaoApiViewController.m in Sources */ = {isa = PBXBuildFile; fileRef = D2A7604B17D8C09E008965ED /* UITaobaoApiViewController.m */; };
		D2A7605017D8C09E008965ED /* UIPhotoItemView.m in Sources */ = {isa = PBXBuildFile; fileRef = D2A7604D17D8C09E008965ED /* UIPhotoItemView.m */; };
		D2DC78E117E04D530029F035 /* AFHTTPClient.m in Sources */ = {isa = PBXBuildFile; fileRef = D2DC78CF17E04D530029F035 /* AFHTTPClient.m */; };
		D2DC78E217E04D530029F035 /* AFHTTPRequestOperation.m in Sources */ = {isa = PBXBuildFile; fileRef = D2DC78D117E04D530029F035 /* AFHTTPRequestOperation.m */; };
		D2DC78E317E04D530029F035 /* AFImageRequestOperation.m in Sources */ = {isa = PBXBuildFile; fileRef = D2DC78D317E04D530029F035 /* AFImageRequestOperation.m */; };
		D2DC78E417E04D530029F035 /* AFJSONRequestOperation.m in Sources */ = {isa = PBXBuildFile; fileRef = D2DC78D517E04D530029F035 /* AFJSONRequestOperation.m */; };
		D2DC78E517E04D530029F035 /* AFNetworkActivityIndicatorManager.m in Sources */ = {isa = PBXBuildFile; fileRef = D2DC78D717E04D530029F035 /* AFNetworkActivityIndicatorManager.m */; };
		D2DC78E617E04D530029F035 /* AFPropertyListRequestOperation.m in Sources */ = {isa = PBXBuildFile; fileRef = D2DC78DA17E04D530029F035 /* AFPropertyListRequestOperation.m */; };
		D2DC78E717E04D530029F035 /* AFURLConnectionOperation.m in Sources */ = {isa = PBXBuildFile; fileRef = D2DC78DC17E04D530029F035 /* AFURLConnectionOperation.m */; };
		D2DC78E817E04D530029F035 /* AFXMLRequestOperation.m in Sources */ = {isa = PBXBuildFile; fileRef = D2DC78DE17E04D530029F035 /* AFXMLRequestOperation.m */; };
		D2DC78E917E04D530029F035 /* UIImageView+AFNetworking.m in Sources */ = {isa = PBXBuildFile; fileRef = D2DC78E017E04D530029F035 /* UIImageView+AFNetworking.m */; };
		D2DC78EC17E04E820029F035 /* Security.framework in Frameworks */ = {isa = PBXBuildFile; fileRef = D2DC78EA17E04E760029F035 /* Security.framework */; };
		D2DC78EF17E051750029F035 /* MobileCoreServices.framework in Frameworks */ = {isa = PBXBuildFile; fileRef = D2DC78EE17E051750029F035 /* MobileCoreServices.framework */; };
		D2DC796917E057570029F035 /* libTOPIOSSdk.a in Frameworks */ = {isa = PBXBuildFile; fileRef = D2DC794C17E057570029F035 /* libTOPIOSSdk.a */; };
		D2DC796A17E057570029F035 /* libTOPIOSSdk.s.a in Frameworks */ = {isa = PBXBuildFile; fileRef = D2DC794D17E057570029F035 /* libTOPIOSSdk.s.a */; };
		D2DC797117E059750029F035 /* UITaobaoProductViewController.m in Sources */ = {isa = PBXBuildFile; fileRef = D2DC796F17E059750029F035 /* UITaobaoProductViewController.m */; };
		D2DC797217E059750029F035 /* UITaobaoProductViewController.xib in Resources */ = {isa = PBXBuildFile; fileRef = D2DC797017E059750029F035 /* UITaobaoProductViewController.xib */; };
		D2DC797C17E05D0C0029F035 /* UIYoukuSearchViewController.m in Sources */ = {isa = PBXBuildFile; fileRef = D2DC797A17E05D0C0029F035 /* UIYoukuSearchViewController.m */; };
		D2DC797D17E05D0C0029F035 /* UIYoukuSearchViewController.xib in Resources */ = {isa = PBXBuildFile; fileRef = D2DC797B17E05D0C0029F035 /* UIYoukuSearchViewController.xib */; };
		D2DC798017E078C70029F035 /* UIYoukuDictionary.m in Sources */ = {isa = PBXBuildFile; fileRef = D2DC797F17E078C70029F035 /* UIYoukuDictionary.m */; };
/* End PBXBuildFile section */

/* Begin PBXFileReference section */
		D20E97AE186C0EE0007B4EF6 /* GAI.h */ = {isa = PBXFileReference; fileEncoding = 4; lastKnownFileType = sourcecode.c.h; path = GAI.h; sourceTree = "<group>"; };
		D20E97AF186C0EE0007B4EF6 /* GAIDictionaryBuilder.h */ = {isa = PBXFileReference; fileEncoding = 4; lastKnownFileType = sourcecode.c.h; path = GAIDictionaryBuilder.h; sourceTree = "<group>"; };
		D20E97B0186C0EE0007B4EF6 /* GAIFields.h */ = {isa = PBXFileReference; fileEncoding = 4; lastKnownFileType = sourcecode.c.h; path = GAIFields.h; sourceTree = "<group>"; };
		D20E97B1186C0EE0007B4EF6 /* GAILogger.h */ = {isa = PBXFileReference; fileEncoding = 4; lastKnownFileType = sourcecode.c.h; path = GAILogger.h; sourceTree = "<group>"; };
		D20E97B2186C0EE0007B4EF6 /* GAITrackedViewController.h */ = {isa = PBXFileReference; fileEncoding = 4; lastKnownFileType = sourcecode.c.h; path = GAITrackedViewController.h; sourceTree = "<group>"; };
		D20E97B3186C0EE0007B4EF6 /* GAITracker.h */ = {isa = PBXFileReference; fileEncoding = 4; lastKnownFileType = sourcecode.c.h; path = GAITracker.h; sourceTree = "<group>"; };
		D20E97B4186C0EE0007B4EF6 /* libGoogleAnalyticsServices.a */ = {isa = PBXFileReference; lastKnownFileType = archive.ar; path = libGoogleAnalyticsServices.a; sourceTree = "<group>"; };
		D20E97B6186C0F69007B4EF6 /* CoreData.framework */ = {isa = PBXFileReference; lastKnownFileType = wrapper.framework; name = CoreData.framework; path = System/Library/Frameworks/CoreData.framework; sourceTree = SDKROOT; };
		D20E97B8186C0F6D007B4EF6 /* AdSupport.framework */ = {isa = PBXFileReference; lastKnownFileType = wrapper.framework; name = AdSupport.framework; path = System/Library/Frameworks/AdSupport.framework; sourceTree = SDKROOT; };
		D20E97BA186C14D9007B4EF6 /* GoogleAnalyticsTools.h */ = {isa = PBXFileReference; fileEncoding = 4; lastKnownFileType = sourcecode.c.h; path = GoogleAnalyticsTools.h; sourceTree = "<group>"; };
		D20E97BB186C14D9007B4EF6 /* GoogleAnalyticsTools.m */ = {isa = PBXFileReference; fileEncoding = 4; lastKnownFileType = sourcecode.c.objc; path = GoogleAnalyticsTools.m; sourceTree = "<group>"; };
		D220976417D878BE00FD2492 /* QuartzCore.framework */ = {isa = PBXFileReference; lastKnownFileType = wrapper.framework; name = QuartzCore.framework; path = System/Library/Frameworks/QuartzCore.framework; sourceTree = SDKROOT; };
		D220976A17D8913C00FD2492 /* SDWebImage.framework */ = {isa = PBXFileReference; lastKnownFileType = wrapper.framework; path = SDWebImage.framework; sourceTree = "<group>"; };
		D220976C17D8929300FD2492 /* ImageIO.framework */ = {isa = PBXFileReference; lastKnownFileType = wrapper.framework; name = ImageIO.framework; path = System/Library/Frameworks/ImageIO.framework; sourceTree = SDKROOT; };
		D2225B9117D9C086001F291A /* UIWebViewController.h */ = {isa = PBXFileReference; fileEncoding = 4; lastKnownFileType = sourcecode.c.h; name = UIWebViewController.h; path = UIPhotoGallery/UIWebViewController.h; sourceTree = "<group>"; };
		D2225B9217D9C086001F291A /* UIWebViewController.m */ = {isa = PBXFileReference; fileEncoding = 4; lastKnownFileType = sourcecode.c.objc; name = UIWebViewController.m; path = UIPhotoGallery/UIWebViewController.m; sourceTree = "<group>"; };
		D228ECE617E1A23B000BF466 /* UIMainViewController.h */ = {isa = PBXFileReference; fileEncoding = 4; lastKnownFileType = sourcecode.c.h; path = UIMainViewController.h; sourceTree = "<group>"; };
		D228ECE717E1A23B000BF466 /* UIMainViewController.m */ = {isa = PBXFileReference; fileEncoding = 4; lastKnownFileType = sourcecode.c.objc; path = UIMainViewController.m; sourceTree = "<group>"; };
		D228ECE817E1A23B000BF466 /* UIMainViewController.xib */ = {isa = PBXFileReference; fileEncoding = 4; lastKnownFileType = file.xib; path = UIMainViewController.xib; sourceTree = "<group>"; };
		D228ECEB17E1A28E000BF466 /* loading.png */ = {isa = PBXFileReference; lastKnownFileType = image.png; path = loading.png; sourceTree = "<group>"; };
		D228ECEC17E1A28E000BF466 /* loading@2x.png */ = {isa = PBXFileReference; lastKnownFileType = image.png; path = "loading@2x.png"; sourceTree = "<group>"; };
		D228ECEF17E1AA33000BF466 /* taobao.png */ = {isa = PBXFileReference; lastKnownFileType = image.png; path = taobao.png; sourceTree = "<group>"; };
		D228ECF017E1AA33000BF466 /* taobao@2x.png */ = {isa = PBXFileReference; lastKnownFileType = image.png; path = "taobao@2x.png"; sourceTree = "<group>"; };
		D228ECF317E1AA53000BF466 /* youku.png */ = {isa = PBXFileReference; lastKnownFileType = image.png; path = youku.png; sourceTree = "<group>"; };
		D228ECF417E1AA53000BF466 /* youku@2x.png */ = {isa = PBXFileReference; lastKnownFileType = image.png; path = "youku@2x.png"; sourceTree = "<group>"; };
		D228ECF717E1AD8E000BF466 /* opr_add.png */ = {isa = PBXFileReference; lastKnownFileType = image.png; path = opr_add.png; sourceTree = "<group>"; };
		D228ECF817E1AD8F000BF466 /* opr_add@2x.png */ = {isa = PBXFileReference; lastKnownFileType = image.png; path = "opr_add@2x.png"; sourceTree = "<group>"; };
		D228ECFB17E1ADA1000BF466 /* opr_clear.png */ = {isa = PBXFileReference; lastKnownFileType = image.png; path = opr_clear.png; sourceTree = "<group>"; };
		D228ECFC17E1ADA1000BF466 /* opr_clear@2x.png */ = {isa = PBXFileReference; lastKnownFileType = image.png; path = "opr_clear@2x.png"; sourceTree = "<group>"; };
		D228ECFF17E1ADA7000BF466 /* opr_download.png */ = {isa = PBXFileReference; lastKnownFileType = image.png; path = opr_download.png; sourceTree = "<group>"; };
		D228ED0017E1ADA8000BF466 /* opr_download@2x.png */ = {isa = PBXFileReference; lastKnownFileType = image.png; path = "opr_download@2x.png"; sourceTree = "<group>"; };
		D228ED0317E1ADBA000BF466 /* opr_refresh.png */ = {isa = PBXFileReference; lastKnownFileType = image.png; path = opr_refresh.png; sourceTree = "<group>"; };
		D228ED0417E1ADBA000BF466 /* opr_refresh@2x.png */ = {isa = PBXFileReference; lastKnownFileType = image.png; path = "opr_refresh@2x.png"; sourceTree = "<group>"; };
		D228ED0717E1ADC1000BF466 /* opr_set.png */ = {isa = PBXFileReference; lastKnownFileType = image.png; path = opr_set.png; sourceTree = "<group>"; };
		D228ED0817E1ADC2000BF466 /* opr_set@2x.png */ = {isa = PBXFileReference; lastKnownFileType = image.png; path = "opr_set@2x.png"; sourceTree = "<group>"; };
		D228ED0B17E1B0EB000BF466 /* building.png */ = {isa = PBXFileReference; lastKnownFileType = image.png; path = building.png; sourceTree = "<group>"; };
		D228ED0C17E1B0EC000BF466 /* building@2x.png */ = {isa = PBXFileReference; lastKnownFileType = image.png; path = "building@2x.png"; sourceTree = "<group>"; };
		D228ED1317E1C9D8000BF466 /* back.png */ = {isa = PBXFileReference; lastKnownFileType = image.png; path = back.png; sourceTree = "<group>"; };
		D228ED1417E1C9D9000BF466 /* back@2x.png */ = {isa = PBXFileReference; lastKnownFileType = image.png; path = "back@2x.png"; sourceTree = "<group>"; };
		D2484B0217D716BF00FC9691 /* taobaoApi.app */ = {isa = PBXFileReference; explicitFileType = wrapper.application; includeInIndex = 0; path = taobaoApi.app; sourceTree = BUILT_PRODUCTS_DIR; };
		D2484B0517D716BF00FC9691 /* UIKit.framework */ = {isa = PBXFileReference; lastKnownFileType = wrapper.framework; name = UIKit.framework; path = System/Library/Frameworks/UIKit.framework; sourceTree = SDKROOT; };
		D2484B0717D716BF00FC9691 /* Foundation.framework */ = {isa = PBXFileReference; lastKnownFileType = wrapper.framework; name = Foundation.framework; path = System/Library/Frameworks/Foundation.framework; sourceTree = SDKROOT; };
		D2484B0917D716BF00FC9691 /* CoreGraphics.framework */ = {isa = PBXFileReference; lastKnownFileType = wrapper.framework; name = CoreGraphics.framework; path = System/Library/Frameworks/CoreGraphics.framework; sourceTree = SDKROOT; };
		D2484B0D17D716BF00FC9691 /* taobaoApi-Info.plist */ = {isa = PBXFileReference; lastKnownFileType = text.plist.xml; path = "taobaoApi-Info.plist"; sourceTree = "<group>"; };
		D2484B0F17D716BF00FC9691 /* en */ = {isa = PBXFileReference; lastKnownFileType = text.plist.strings; name = en; path = en.lproj/InfoPlist.strings; sourceTree = "<group>"; };
		D2484B1117D716BF00FC9691 /* main.m */ = {isa = PBXFileReference; lastKnownFileType = sourcecode.c.objc; path = main.m; sourceTree = "<group>"; };
		D2484B1317D716BF00FC9691 /* taobaoApi-Prefix.pch */ = {isa = PBXFileReference; lastKnownFileType = sourcecode.c.h; path = "taobaoApi-Prefix.pch"; sourceTree = "<group>"; };
		D2484B1417D716BF00FC9691 /* AppDelegate.h */ = {isa = PBXFileReference; lastKnownFileType = sourcecode.c.h; path = AppDelegate.h; sourceTree = "<group>"; };
		D2484B1517D716BF00FC9691 /* AppDelegate.m */ = {isa = PBXFileReference; lastKnownFileType = sourcecode.c.objc; path = AppDelegate.m; sourceTree = "<group>"; };
		D2484B1717D716BF00FC9691 /* Default.png */ = {isa = PBXFileReference; lastKnownFileType = image.png; path = Default.png; sourceTree = "<group>"; };
		D2484B1917D716BF00FC9691 /* Default@2x.png */ = {isa = PBXFileReference; lastKnownFileType = image.png; path = "Default@2x.png"; sourceTree = "<group>"; };
		D2484B1B17D716BF00FC9691 /* Default-568h@2x.png */ = {isa = PBXFileReference; lastKnownFileType = image.png; path = "Default-568h@2x.png"; sourceTree = "<group>"; };
		D2484C3517D725F100FC9691 /* SystemConfiguration.framework */ = {isa = PBXFileReference; lastKnownFileType = wrapper.framework; name = SystemConfiguration.framework; path = System/Library/Frameworks/SystemConfiguration.framework; sourceTree = SDKROOT; };
		D2484C3817D7261B00FC9691 /* libz.dylib */ = {isa = PBXFileReference; lastKnownFileType = "compiled.mach-o.dylib"; name = libz.dylib; path = usr/lib/libz.dylib; sourceTree = SDKROOT; };
		D2A6BBBC17D7438E001DD64C /* skype.png */ = {isa = PBXFileReference; lastKnownFileType = image.png; name = skype.png; path = ../skype.png; sourceTree = "<group>"; };
		D2A6BBBE17D74395001DD64C /* skype@2x.png */ = {isa = PBXFileReference; lastKnownFileType = image.png; name = "skype@2x.png"; path = "../skype@2x.png"; sourceTree = "<group>"; };
		D2A7604817D8C09E008965ED /* UIPhotoGalleryView.h */ = {isa = PBXFileReference; fileEncoding = 4; lastKnownFileType = sourcecode.c.h; path = UIPhotoGalleryView.h; sourceTree = "<group>"; };
		D2A7604917D8C09E008965ED /* UIPhotoGalleryView.m */ = {isa = PBXFileReference; fileEncoding = 4; lastKnownFileType = sourcecode.c.objc; path = UIPhotoGalleryView.m; sourceTree = "<group>"; };
		D2A7604A17D8C09E008965ED /* UITaobaoApiViewController.h */ = {isa = PBXFileReference; fileEncoding = 4; lastKnownFileType = sourcecode.c.h; name = UITaobaoApiViewController.h; path = UIPhotoGallery/UITaobaoApiViewController.h; sourceTree = "<group>"; };
		D2A7604B17D8C09E008965ED /* UITaobaoApiViewController.m */ = {isa = PBXFileReference; fileEncoding = 4; lastKnownFileType = sourcecode.c.objc; name = UITaobaoApiViewController.m; path = UIPhotoGallery/UITaobaoApiViewController.m; sourceTree = "<group>"; };
		D2A7604C17D8C09E008965ED /* UIPhotoItemView.h */ = {isa = PBXFileReference; fileEncoding = 4; lastKnownFileType = sourcecode.c.h; path = UIPhotoItemView.h; sourceTree = "<group>"; };
		D2A7604D17D8C09E008965ED /* UIPhotoItemView.m */ = {isa = PBXFileReference; fileEncoding = 4; lastKnownFileType = sourcecode.c.objc; path = UIPhotoItemView.m; sourceTree = "<group>"; };
		D2DC78CE17E04D530029F035 /* AFHTTPClient.h */ = {isa = PBXFileReference; fileEncoding = 4; lastKnownFileType = sourcecode.c.h; path = AFHTTPClient.h; sourceTree = "<group>"; };
		D2DC78CF17E04D530029F035 /* AFHTTPClient.m */ = {isa = PBXFileReference; fileEncoding = 4; lastKnownFileType = sourcecode.c.objc; path = AFHTTPClient.m; sourceTree = "<group>"; };
		D2DC78D017E04D530029F035 /* AFHTTPRequestOperation.h */ = {isa = PBXFileReference; fileEncoding = 4; lastKnownFileType = sourcecode.c.h; path = AFHTTPRequestOperation.h; sourceTree = "<group>"; };
		D2DC78D117E04D530029F035 /* AFHTTPRequestOperation.m */ = {isa = PBXFileReference; fileEncoding = 4; lastKnownFileType = sourcecode.c.objc; path = AFHTTPRequestOperation.m; sourceTree = "<group>"; };
		D2DC78D217E04D530029F035 /* AFImageRequestOperation.h */ = {isa = PBXFileReference; fileEncoding = 4; lastKnownFileType = sourcecode.c.h; path = AFImageRequestOperation.h; sourceTree = "<group>"; };
		D2DC78D317E04D530029F035 /* AFImageRequestOperation.m */ = {isa = PBXFileReference; fileEncoding = 4; lastKnownFileType = sourcecode.c.objc; path = AFImageRequestOperation.m; sourceTree = "<group>"; };
		D2DC78D417E04D530029F035 /* AFJSONRequestOperation.h */ = {isa = PBXFileReference; fileEncoding = 4; lastKnownFileType = sourcecode.c.h; path = AFJSONRequestOperation.h; sourceTree = "<group>"; };
		D2DC78D517E04D530029F035 /* AFJSONRequestOperation.m */ = {isa = PBXFileReference; fileEncoding = 4; lastKnownFileType = sourcecode.c.objc; path = AFJSONRequestOperation.m; sourceTree = "<group>"; };
		D2DC78D617E04D530029F035 /* AFNetworkActivityIndicatorManager.h */ = {isa = PBXFileReference; fileEncoding = 4; lastKnownFileType = sourcecode.c.h; path = AFNetworkActivityIndicatorManager.h; sourceTree = "<group>"; };
		D2DC78D717E04D530029F035 /* AFNetworkActivityIndicatorManager.m */ = {isa = PBXFileReference; fileEncoding = 4; lastKnownFileType = sourcecode.c.objc; path = AFNetworkActivityIndicatorManager.m; sourceTree = "<group>"; };
		D2DC78D817E04D530029F035 /* AFNetworking.h */ = {isa = PBXFileReference; fileEncoding = 4; lastKnownFileType = sourcecode.c.h; path = AFNetworking.h; sourceTree = "<group>"; };
		D2DC78D917E04D530029F035 /* AFPropertyListRequestOperation.h */ = {isa = PBXFileReference; fileEncoding = 4; lastKnownFileType = sourcecode.c.h; path = AFPropertyListRequestOperation.h; sourceTree = "<group>"; };
		D2DC78DA17E04D530029F035 /* AFPropertyListRequestOperation.m */ = {isa = PBXFileReference; fileEncoding = 4; lastKnownFileType = sourcecode.c.objc; path = AFPropertyListRequestOperation.m; sourceTree = "<group>"; };
		D2DC78DB17E04D530029F035 /* AFURLConnectionOperation.h */ = {isa = PBXFileReference; fileEncoding = 4; lastKnownFileType = sourcecode.c.h; path = AFURLConnectionOperation.h; sourceTree = "<group>"; };
		D2DC78DC17E04D530029F035 /* AFURLConnectionOperation.m */ = {isa = PBXFileReference; fileEncoding = 4; lastKnownFileType = sourcecode.c.objc; path = AFURLConnectionOperation.m; sourceTree = "<group>"; };
		D2DC78DD17E04D530029F035 /* AFXMLRequestOperation.h */ = {isa = PBXFileReference; fileEncoding = 4; lastKnownFileType = sourcecode.c.h; path = AFXMLRequestOperation.h; sourceTree = "<group>"; };
		D2DC78DE17E04D530029F035 /* AFXMLRequestOperation.m */ = {isa = PBXFileReference; fileEncoding = 4; lastKnownFileType = sourcecode.c.objc; path = AFXMLRequestOperation.m; sourceTree = "<group>"; };
		D2DC78DF17E04D530029F035 /* UIImageView+AFNetworking.h */ = {isa = PBXFileReference; fileEncoding = 4; lastKnownFileType = sourcecode.c.h; path = "UIImageView+AFNetworking.h"; sourceTree = "<group>"; };
		D2DC78E017E04D530029F035 /* UIImageView+AFNetworking.m */ = {isa = PBXFileReference; fileEncoding = 4; lastKnownFileType = sourcecode.c.objc; path = "UIImageView+AFNetworking.m"; sourceTree = "<group>"; };
		D2DC78EA17E04E760029F035 /* Security.framework */ = {isa = PBXFileReference; lastKnownFileType = wrapper.framework; name = Security.framework; path = System/Library/Frameworks/Security.framework; sourceTree = SDKROOT; };
		D2DC78EE17E051750029F035 /* MobileCoreServices.framework */ = {isa = PBXFileReference; lastKnownFileType = wrapper.framework; name = MobileCoreServices.framework; path = System/Library/Frameworks/MobileCoreServices.framework; sourceTree = SDKROOT; };
		D2DC794317E057570029F035 /* DebuggingTools.h */ = {isa = PBXFileReference; fileEncoding = 4; lastKnownFileType = sourcecode.c.h; path = DebuggingTools.h; sourceTree = "<group>"; };
		D2DC794417E057570029F035 /* JDY_ItemManagement.h */ = {isa = PBXFileReference; fileEncoding = 4; lastKnownFileType = sourcecode.c.h; path = JDY_ItemManagement.h; sourceTree = "<group>"; };
		D2DC794517E057570029F035 /* JDY_MsgCenterManagement.h */ = {isa = PBXFileReference; fileEncoding = 4; lastKnownFileType = sourcecode.c.h; path = JDY_MsgCenterManagement.h; sourceTree = "<group>"; };
		D2DC794617E057570029F035 /* JDY_PlugInEntry.h */ = {isa = PBXFileReference; fileEncoding = 4; lastKnownFileType = sourcecode.c.h; path = JDY_PlugInEntry.h; sourceTree = "<group>"; };
		D2DC794717E057570029F035 /* JDY_Protocol.h */ = {isa = PBXFileReference; fileEncoding = 4; lastKnownFileType = sourcecode.c.h; path = JDY_Protocol.h; sourceTree = "<group>"; };
		D2DC794817E057570029F035 /* JDY_ProtocolConstants.h */ = {isa = PBXFileReference; fileEncoding = 4; lastKnownFileType = sourcecode.c.h; path = JDY_ProtocolConstants.h; sourceTree = "<group>"; };
		D2DC794917E057570029F035 /* JDY_TradeManagement.h */ = {isa = PBXFileReference; fileEncoding = 4; lastKnownFileType = sourcecode.c.h; path = JDY_TradeManagement.h; sourceTree = "<group>"; };
		D2DC794A17E057570029F035 /* JDY_WangWangCommunication.h */ = {isa = PBXFileReference; fileEncoding = 4; lastKnownFileType = sourcecode.c.h; path = JDY_WangWangCommunication.h; sourceTree = "<group>"; };
		D2DC794B17E057570029F035 /* JDYSharedService.h */ = {isa = PBXFileReference; fileEncoding = 4; lastKnownFileType = sourcecode.c.h; path = JDYSharedService.h; sourceTree = "<group>"; };
		D2DC794C17E057570029F035 /* libTOPIOSSdk.a */ = {isa = PBXFileReference; lastKnownFileType = archive.ar; path = libTOPIOSSdk.a; sourceTree = "<group>"; };
		D2DC794D17E057570029F035 /* libTOPIOSSdk.s.a */ = {isa = PBXFileReference; lastKnownFileType = archive.ar; path = libTOPIOSSdk.s.a; sourceTree = "<group>"; };
		D2DC794E17E057570029F035 /* MacrosDefine.h */ = {isa = PBXFileReference; fileEncoding = 4; lastKnownFileType = sourcecode.c.h; path = MacrosDefine.h; sourceTree = "<group>"; };
		D2DC794F17E057570029F035 /* TopApiResponse.h */ = {isa = PBXFileReference; fileEncoding = 4; lastKnownFileType = sourcecode.c.h; path = TopApiResponse.h; sourceTree = "<group>"; };
		D2DC795017E057570029F035 /* TopAppConnector.h */ = {isa = PBXFileReference; fileEncoding = 4; lastKnownFileType = sourcecode.c.h; path = TopAppConnector.h; sourceTree = "<group>"; };
		D2DC795117E057570029F035 /* TopAppEntity.h */ = {isa = PBXFileReference; fileEncoding = 4; lastKnownFileType = sourcecode.c.h; path = TopAppEntity.h; sourceTree = "<group>"; };
		D2DC795217E057570029F035 /* TopAppEvent.h */ = {isa = PBXFileReference; fileEncoding = 4; lastKnownFileType = sourcecode.c.h; path = TopAppEvent.h; sourceTree = "<group>"; };
		D2DC795317E057570029F035 /* TopAppService.h */ = {isa = PBXFileReference; fileEncoding = 4; lastKnownFileType = sourcecode.c.h; path = TopAppService.h; sourceTree = "<group>"; };
		D2DC795417E057570029F035 /* TopAppSession.h */ = {isa = PBXFileReference; fileEncoding = 4; lastKnownFileType = sourcecode.c.h; path = TopAppSession.h; sourceTree = "<group>"; };
		D2DC795517E057570029F035 /* TopAttachment.h */ = {isa = PBXFileReference; fileEncoding = 4; lastKnownFileType = sourcecode.c.h; path = TopAttachment.h; sourceTree = "<group>"; };
		D2DC795617E057570029F035 /* TopAuth.h */ = {isa = PBXFileReference; fileEncoding = 4; lastKnownFileType = sourcecode.c.h; path = TopAuth.h; sourceTree = "<group>"; };
		D2DC795717E057570029F035 /* TopAuthCallback.h */ = {isa = PBXFileReference; fileEncoding = 4; lastKnownFileType = sourcecode.c.h; path = TopAuthCallback.h; sourceTree = "<group>"; };
		D2DC795817E057570029F035 /* TopAuthWebView.h */ = {isa = PBXFileReference; fileEncoding = 4; lastKnownFileType = sourcecode.c.h; path = TopAuthWebView.h; sourceTree = "<group>"; };
		D2DC795917E057570029F035 /* TopBridgeWebview.h */ = {isa = PBXFileReference; fileEncoding = 4; lastKnownFileType = sourcecode.c.h; path = TopBridgeWebview.h; sourceTree = "<group>"; };
		D2DC795A17E057570029F035 /* TopConstants.h */ = {isa = PBXFileReference; fileEncoding = 4; lastKnownFileType = sourcecode.c.h; path = TopConstants.h; sourceTree = "<group>"; };
		D2DC795B17E057570029F035 /* TopCrashHandler.h */ = {isa = PBXFileReference; fileEncoding = 4; lastKnownFileType = sourcecode.c.h; path = TopCrashHandler.h; sourceTree = "<group>"; };
		D2DC795C17E057570029F035 /* TopEventCallback.h */ = {isa = PBXFileReference; fileEncoding = 4; lastKnownFileType = sourcecode.c.h; path = TopEventCallback.h; sourceTree = "<group>"; };
		D2DC795D17E057570029F035 /* TopIOSClient.h */ = {isa = PBXFileReference; fileEncoding = 4; lastKnownFileType = sourcecode.c.h; path = TopIOSClient.h; sourceTree = "<group>"; };
		D2DC795E17E057570029F035 /* TopIOSSdk.h */ = {isa = PBXFileReference; fileEncoding = 4; lastKnownFileType = sourcecode.c.h; path = TopIOSSdk.h; sourceTree = "<group>"; };
		D2DC795F17E057570029F035 /* TopIOSSdkExt.h */ = {isa = PBXFileReference; fileEncoding = 4; lastKnownFileType = sourcecode.c.h; path = TopIOSSdkExt.h; sourceTree = "<group>"; };
		D2DC796017E057570029F035 /* TopIOSUtil.h */ = {isa = PBXFileReference; fileEncoding = 4; lastKnownFileType = sourcecode.c.h; path = TopIOSUtil.h; sourceTree = "<group>"; };
		D2DC796117E057570029F035 /* TopOpenUDID.h */ = {isa = PBXFileReference; fileEncoding = 4; lastKnownFileType = sourcecode.c.h; path = TopOpenUDID.h; sourceTree = "<group>"; };
		D2DC796217E057570029F035 /* TopPluginServiceType.h */ = {isa = PBXFileReference; fileEncoding = 4; lastKnownFileType = sourcecode.c.h; path = TopPluginServiceType.h; sourceTree = "<group>"; };
		D2DC796317E057570029F035 /* TopReachability.h */ = {isa = PBXFileReference; fileEncoding = 4; lastKnownFileType = sourcecode.c.h; path = TopReachability.h; sourceTree = "<group>"; };
		D2DC796417E057570029F035 /* TopSDKBundle.h */ = {isa = PBXFileReference; fileEncoding = 4; lastKnownFileType = sourcecode.c.h; path = TopSDKBundle.h; sourceTree = "<group>"; };
		D2DC796517E057570029F035 /* TopServiceError.h */ = {isa = PBXFileReference; fileEncoding = 4; lastKnownFileType = sourcecode.c.h; path = TopServiceError.h; sourceTree = "<group>"; };
		D2DC796617E057570029F035 /* TopSimpleCache.h */ = {isa = PBXFileReference; fileEncoding = 4; lastKnownFileType = sourcecode.c.h; path = TopSimpleCache.h; sourceTree = "<group>"; };
		D2DC796717E057570029F035 /* TopToolBar.h */ = {isa = PBXFileReference; fileEncoding = 4; lastKnownFileType = sourcecode.c.h; path = TopToolBar.h; sourceTree = "<group>"; };
		D2DC796817E057570029F035 /* TopTracker.h */ = {isa = PBXFileReference; fileEncoding = 4; lastKnownFileType = sourcecode.c.h; path = TopTracker.h; sourceTree = "<group>"; };
		D2DC796E17E059750029F035 /* UITaobaoProductViewController.h */ = {isa = PBXFileReference; fileEncoding = 4; lastKnownFileType = sourcecode.c.h; path = UITaobaoProductViewController.h; sourceTree = "<group>"; };
		D2DC796F17E059750029F035 /* UITaobaoProductViewController.m */ = {isa = PBXFileReference; fileEncoding = 4; lastKnownFileType = sourcecode.c.objc; path = UITaobaoProductViewController.m; sourceTree = "<group>"; };
		D2DC797017E059750029F035 /* UITaobaoProductViewController.xib */ = {isa = PBXFileReference; fileEncoding = 4; lastKnownFileType = file.xib; path = UITaobaoProductViewController.xib; sourceTree = "<group>"; };
		D2DC797917E05D0C0029F035 /* UIYoukuSearchViewController.h */ = {isa = PBXFileReference; fileEncoding = 4; lastKnownFileType = sourcecode.c.h; path = UIYoukuSearchViewController.h; sourceTree = "<group>"; };
		D2DC797A17E05D0C0029F035 /* UIYoukuSearchViewController.m */ = {isa = PBXFileReference; fileEncoding = 4; lastKnownFileType = sourcecode.c.objc; path = UIYoukuSearchViewController.m; sourceTree = "<group>"; };
		D2DC797B17E05D0C0029F035 /* UIYoukuSearchViewController.xib */ = {isa = PBXFileReference; fileEncoding = 4; lastKnownFileType = file.xib; path = UIYoukuSearchViewController.xib; sourceTree = "<group>"; };
		D2DC797E17E078C70029F035 /* UIYoukuDictionary.h */ = {isa = PBXFileReference; fileEncoding = 4; lastKnownFileType = sourcecode.c.h; path = UIYoukuDictionary.h; sourceTree = "<group>"; };
		D2DC797F17E078C70029F035 /* UIYoukuDictionary.m */ = {isa = PBXFileReference; fileEncoding = 4; lastKnownFileType = sourcecode.c.objc; path = UIYoukuDictionary.m; sourceTree = "<group>"; };
/* End PBXFileReference section */

/* Begin PBXFrameworksBuildPhase section */
		D2484AFF17D716BE00FC9691 /* Frameworks */ = {
			isa = PBXFrameworksBuildPhase;
			buildActionMask = 2147483647;
			files = (
				D20E97B9186C0F6D007B4EF6 /* AdSupport.framework in Frameworks */,
				D20E97B7186C0F69007B4EF6 /* CoreData.framework in Frameworks */,
				D2DC78EF17E051750029F035 /* MobileCoreServices.framework in Frameworks */,
				D2DC78EC17E04E820029F035 /* Security.framework in Frameworks */,
				D220976E17D8929E00FD2492 /* ImageIO.framework in Frameworks */,
				D20E97B5186C0EE0007B4EF6 /* libGoogleAnalyticsServices.a in Frameworks */,
				D220976617D878C900FD2492 /* QuartzCore.framework in Frameworks */,
				D2484C3917D7261B00FC9691 /* libz.dylib in Frameworks */,
				D2484C3717D7260300FC9691 /* SystemConfiguration.framework in Frameworks */,
				D2484B0617D716BF00FC9691 /* UIKit.framework in Frameworks */,
				D2484B0817D716BF00FC9691 /* Foundation.framework in Frameworks */,
				D2484B0A17D716BF00FC9691 /* CoreGraphics.framework in Frameworks */,
				D220976B17D8913C00FD2492 /* SDWebImage.framework in Frameworks */,
				D2DC796917E057570029F035 /* libTOPIOSSdk.a in Frameworks */,
				D2DC796A17E057570029F035 /* libTOPIOSSdk.s.a in Frameworks */,
			);
			runOnlyForDeploymentPostprocessing = 0;
		};
/* End PBXFrameworksBuildPhase section */

/* Begin PBXGroup section */
		D20E97AD186C0EE0007B4EF6 /* GoogleAnalytics */ = {
			isa = PBXGroup;
			children = (
				D20E97AE186C0EE0007B4EF6 /* GAI.h */,
				D20E97AF186C0EE0007B4EF6 /* GAIDictionaryBuilder.h */,
				D20E97B0186C0EE0007B4EF6 /* GAIFields.h */,
				D20E97B1186C0EE0007B4EF6 /* GAILogger.h */,
				D20E97B2186C0EE0007B4EF6 /* GAITrackedViewController.h */,
				D20E97B3186C0EE0007B4EF6 /* GAITracker.h */,
				D20E97B4186C0EE0007B4EF6 /* libGoogleAnalyticsServices.a */,
			);
			path = GoogleAnalytics;
			sourceTree = "<group>";
		};
		D220974D17D813D500FD2492 /* images */ = {
			isa = PBXGroup;
			children = (
				D228ED1317E1C9D8000BF466 /* back.png */,
				D228ED1417E1C9D9000BF466 /* back@2x.png */,
				D228ECF717E1AD8E000BF466 /* opr_add.png */,
				D228ECF817E1AD8F000BF466 /* opr_add@2x.png */,
				D228ECFB17E1ADA1000BF466 /* opr_clear.png */,
				D228ECFC17E1ADA1000BF466 /* opr_clear@2x.png */,
				D228ECFF17E1ADA7000BF466 /* opr_download.png */,
				D228ED0017E1ADA8000BF466 /* opr_download@2x.png */,
				D228ED0317E1ADBA000BF466 /* opr_refresh.png */,
				D228ED0417E1ADBA000BF466 /* opr_refresh@2x.png */,
				D228ED0717E1ADC1000BF466 /* opr_set.png */,
				D228ED0817E1ADC2000BF466 /* opr_set@2x.png */,
				D228ECEF17E1AA33000BF466 /* taobao.png */,
				D228ECF017E1AA33000BF466 /* taobao@2x.png */,
				D228ECF317E1AA53000BF466 /* youku.png */,
				D228ECF417E1AA53000BF466 /* youku@2x.png */,
				D228ED0B17E1B0EB000BF466 /* building.png */,
				D228ED0C17E1B0EC000BF466 /* building@2x.png */,
				D228ECEB17E1A28E000BF466 /* loading.png */,
				D228ECEC17E1A28E000BF466 /* loading@2x.png */,
				D2A6BBBE17D74395001DD64C /* skype@2x.png */,
				D2A6BBBC17D7438E001DD64C /* skype.png */,
			);
			name = images;
			sourceTree = "<group>";
		};
		D228EC5017E16A17000BF466 /* Common */ = {
			isa = PBXGroup;
			children = (
				D2225B9117D9C086001F291A /* UIWebViewController.h */,
				D2225B9217D9C086001F291A /* UIWebViewController.m */,
				D20E97BA186C14D9007B4EF6 /* GoogleAnalyticsTools.h */,
				D20E97BB186C14D9007B4EF6 /* GoogleAnalyticsTools.m */,
			);
			name = Common;
			sourceTree = "<group>";
		};
		D2484AF917D716BE00FC9691 = {
			isa = PBXGroup;
			children = (
				D2484C3817D7261B00FC9691 /* libz.dylib */,
				D2484B0B17D716BF00FC9691 /* taobaoApi */,
				D2484B0417D716BF00FC9691 /* Frameworks */,
				D2484B0317D716BF00FC9691 /* Products */,
			);
			sourceTree = "<group>";
		};
		D2484B0317D716BF00FC9691 /* Products */ = {
			isa = PBXGroup;
			children = (
				D2484B0217D716BF00FC9691 /* taobaoApi.app */,
			);
			name = Products;
			sourceTree = "<group>";
		};
		D2484B0417D716BF00FC9691 /* Frameworks */ = {
			isa = PBXGroup;
			children = (
				D20E97B8186C0F6D007B4EF6 /* AdSupport.framework */,
				D20E97B6186C0F69007B4EF6 /* CoreData.framework */,
				D2DC78EE17E051750029F035 /* MobileCoreServices.framework */,
				D2DC78EA17E04E760029F035 /* Security.framework */,
				D220976C17D8929300FD2492 /* ImageIO.framework */,
				D220976A17D8913C00FD2492 /* SDWebImage.framework */,
				D220976417D878BE00FD2492 /* QuartzCore.framework */,
				D2484C3517D725F100FC9691 /* SystemConfiguration.framework */,
				D2484B0517D716BF00FC9691 /* UIKit.framework */,
				D2484B0717D716BF00FC9691 /* Foundation.framework */,
				D2484B0917D716BF00FC9691 /* CoreGraphics.framework */,
			);
			name = Frameworks;
			sourceTree = "<group>";
		};
		D2484B0B17D716BF00FC9691 /* taobaoApi */ = {
			isa = PBXGroup;
			children = (
				D20E97AD186C0EE0007B4EF6 /* GoogleAnalytics */,
				D2DC78CD17E04D530029F035 /* AFNetworking */,
				D2DC794217E057570029F035 /* TaobaoApiHeader */,
				D2A7604717D8C09E008965ED /* UIPhotoGallery */,
				D228EC5017E16A17000BF466 /* Common */,
				D2DC78ED17E04FB10029F035 /* TaobaoProduct */,
				D2DC797817E05BD10029F035 /* YoukuSearch */,
				D2484B0C17D716BF00FC9691 /* Supporting Files */,
				D2484B1417D716BF00FC9691 /* AppDelegate.h */,
				D2484B1517D716BF00FC9691 /* AppDelegate.m */,
				D228ECE617E1A23B000BF466 /* UIMainViewController.h */,
				D228ECE717E1A23B000BF466 /* UIMainViewController.m */,
				D228ECE817E1A23B000BF466 /* UIMainViewController.xib */,
			);
			path = taobaoApi;
			sourceTree = "<group>";
		};
		D2484B0C17D716BF00FC9691 /* Supporting Files */ = {
			isa = PBXGroup;
			children = (
				D220974D17D813D500FD2492 /* images */,
				D2484B0D17D716BF00FC9691 /* taobaoApi-Info.plist */,
				D2484B0E17D716BF00FC9691 /* InfoPlist.strings */,
				D2484B1117D716BF00FC9691 /* main.m */,
				D2484B1317D716BF00FC9691 /* taobaoApi-Prefix.pch */,
				D2484B1717D716BF00FC9691 /* Default.png */,
				D2484B1917D716BF00FC9691 /* Default@2x.png */,
				D2484B1B17D716BF00FC9691 /* Default-568h@2x.png */,
			);
			name = "Supporting Files";
			sourceTree = "<group>";
		};
		D2A7604717D8C09E008965ED /* UIPhotoGallery */ = {
			isa = PBXGroup;
			children = (
				D2A7604817D8C09E008965ED /* UIPhotoGalleryView.h */,
				D2A7604917D8C09E008965ED /* UIPhotoGalleryView.m */,
				D2A7604C17D8C09E008965ED /* UIPhotoItemView.h */,
				D2A7604D17D8C09E008965ED /* UIPhotoItemView.m */,
			);
			path = UIPhotoGallery;
			sourceTree = "<group>";
		};
		D2DC78CD17E04D530029F035 /* AFNetworking */ = {
			isa = PBXGroup;
			children = (
				D2DC78CE17E04D530029F035 /* AFHTTPClient.h */,
				D2DC78CF17E04D530029F035 /* AFHTTPClient.m */,
				D2DC78D017E04D530029F035 /* AFHTTPRequestOperation.h */,
				D2DC78D117E04D530029F035 /* AFHTTPRequestOperation.m */,
				D2DC78D217E04D530029F035 /* AFImageRequestOperation.h */,
				D2DC78D317E04D530029F035 /* AFImageRequestOperation.m */,
				D2DC78D417E04D530029F035 /* AFJSONRequestOperation.h */,
				D2DC78D517E04D530029F035 /* AFJSONRequestOperation.m */,
				D2DC78D617E04D530029F035 /* AFNetworkActivityIndicatorManager.h */,
				D2DC78D717E04D530029F035 /* AFNetworkActivityIndicatorManager.m */,
				D2DC78D817E04D530029F035 /* AFNetworking.h */,
				D2DC78D917E04D530029F035 /* AFPropertyListRequestOperation.h */,
				D2DC78DA17E04D530029F035 /* AFPropertyListRequestOperation.m */,
				D2DC78DB17E04D530029F035 /* AFURLConnectionOperation.h */,
				D2DC78DC17E04D530029F035 /* AFURLConnectionOperation.m */,
				D2DC78DD17E04D530029F035 /* AFXMLRequestOperation.h */,
				D2DC78DE17E04D530029F035 /* AFXMLRequestOperation.m */,
				D2DC78DF17E04D530029F035 /* UIImageView+AFNetworking.h */,
				D2DC78E017E04D530029F035 /* UIImageView+AFNetworking.m */,
			);
			path = AFNetworking;
			sourceTree = "<group>";
		};
		D2DC78ED17E04FB10029F035 /* TaobaoProduct */ = {
			isa = PBXGroup;
			children = (
				D2A7604A17D8C09E008965ED /* UITaobaoApiViewController.h */,
				D2A7604B17D8C09E008965ED /* UITaobaoApiViewController.m */,
				D2DC796E17E059750029F035 /* UITaobaoProductViewController.h */,
				D2DC796F17E059750029F035 /* UITaobaoProductViewController.m */,
				D2DC797017E059750029F035 /* UITaobaoProductViewController.xib */,
			);
			name = TaobaoProduct;
			sourceTree = "<group>";
		};
		D2DC794217E057570029F035 /* TaobaoApiHeader */ = {
			isa = PBXGroup;
			children = (
				D2DC794317E057570029F035 /* DebuggingTools.h */,
				D2DC794417E057570029F035 /* JDY_ItemManagement.h */,
				D2DC794517E057570029F035 /* JDY_MsgCenterManagement.h */,
				D2DC794617E057570029F035 /* JDY_PlugInEntry.h */,
				D2DC794717E057570029F035 /* JDY_Protocol.h */,
				D2DC794817E057570029F035 /* JDY_ProtocolConstants.h */,
				D2DC794917E057570029F035 /* JDY_TradeManagement.h */,
				D2DC794A17E057570029F035 /* JDY_WangWangCommunication.h */,
				D2DC794B17E057570029F035 /* JDYSharedService.h */,
				D2DC794C17E057570029F035 /* libTOPIOSSdk.a */,
				D2DC794D17E057570029F035 /* libTOPIOSSdk.s.a */,
				D2DC794E17E057570029F035 /* MacrosDefine.h */,
				D2DC794F17E057570029F035 /* TopApiResponse.h */,
				D2DC795017E057570029F035 /* TopAppConnector.h */,
				D2DC795117E057570029F035 /* TopAppEntity.h */,
				D2DC795217E057570029F035 /* TopAppEvent.h */,
				D2DC795317E057570029F035 /* TopAppService.h */,
				D2DC795417E057570029F035 /* TopAppSession.h */,
				D2DC795517E057570029F035 /* TopAttachment.h */,
				D2DC795617E057570029F035 /* TopAuth.h */,
				D2DC795717E057570029F035 /* TopAuthCallback.h */,
				D2DC795817E057570029F035 /* TopAuthWebView.h */,
				D2DC795917E057570029F035 /* TopBridgeWebview.h */,
				D2DC795A17E057570029F035 /* TopConstants.h */,
				D2DC795B17E057570029F035 /* TopCrashHandler.h */,
				D2DC795C17E057570029F035 /* TopEventCallback.h */,
				D2DC795D17E057570029F035 /* TopIOSClient.h */,
				D2DC795E17E057570029F035 /* TopIOSSdk.h */,
				D2DC795F17E057570029F035 /* TopIOSSdkExt.h */,
				D2DC796017E057570029F035 /* TopIOSUtil.h */,
				D2DC796117E057570029F035 /* TopOpenUDID.h */,
				D2DC796217E057570029F035 /* TopPluginServiceType.h */,
				D2DC796317E057570029F035 /* TopReachability.h */,
				D2DC796417E057570029F035 /* TopSDKBundle.h */,
				D2DC796517E057570029F035 /* TopServiceError.h */,
				D2DC796617E057570029F035 /* TopSimpleCache.h */,
				D2DC796717E057570029F035 /* TopToolBar.h */,
				D2DC796817E057570029F035 /* TopTracker.h */,
			);
			path = TaobaoApiHeader;
			sourceTree = "<group>";
		};
		D2DC797817E05BD10029F035 /* YoukuSearch */ = {
			isa = PBXGroup;
			children = (
				D2DC797917E05D0C0029F035 /* UIYoukuSearchViewController.h */,
				D2DC797A17E05D0C0029F035 /* UIYoukuSearchViewController.m */,
				D2DC797B17E05D0C0029F035 /* UIYoukuSearchViewController.xib */,
				D2DC797E17E078C70029F035 /* UIYoukuDictionary.h */,
				D2DC797F17E078C70029F035 /* UIYoukuDictionary.m */,
			);
			name = YoukuSearch;
			sourceTree = "<group>";
		};
/* End PBXGroup section */

/* Begin PBXNativeTarget section */
		D2484B0117D716BE00FC9691 /* taobaoApi */ = {
			isa = PBXNativeTarget;
			buildConfigurationList = D2484B2517D716BF00FC9691 /* Build configuration list for PBXNativeTarget "taobaoApi" */;
			buildPhases = (
				D2484AFE17D716BE00FC9691 /* Sources */,
				D2484AFF17D716BE00FC9691 /* Frameworks */,
				D2484B0017D716BE00FC9691 /* Resources */,
			);
			buildRules = (
			);
			dependencies = (
			);
			name = taobaoApi;
			productName = taobaoApi;
			productReference = D2484B0217D716BF00FC9691 /* taobaoApi.app */;
			productType = "com.apple.product-type.application";
		};
/* End PBXNativeTarget section */

/* Begin PBXProject section */
		D2484AFA17D716BE00FC9691 /* Project object */ = {
			isa = PBXProject;
			attributes = {
				LastUpgradeCheck = 0460;
				ORGANIZATIONNAME = zifeng;
			};
			buildConfigurationList = D2484AFD17D716BE00FC9691 /* Build configuration list for PBXProject "taobaoApi" */;
			compatibilityVersion = "Xcode 3.2";
			developmentRegion = English;
			hasScannedForEncodings = 0;
			knownRegions = (
				en,
			);
			mainGroup = D2484AF917D716BE00FC9691;
			productRefGroup = D2484B0317D716BF00FC9691 /* Products */;
			projectDirPath = "";
			projectRoot = "";
			targets = (
				D2484B0117D716BE00FC9691 /* taobaoApi */,
			);
		};
/* End PBXProject section */

/* Begin PBXResourcesBuildPhase section */
		D2484B0017D716BE00FC9691 /* Resources */ = {
			isa = PBXResourcesBuildPhase;
			buildActionMask = 2147483647;
			files = (
				D2484B1017D716BF00FC9691 /* InfoPlist.strings in Resources */,
				D2484B1817D716BF00FC9691 /* Default.png in Resources */,
				D2484B1A17D716BF00FC9691 /* Default@2x.png in Resources */,
				D2484B1C17D716BF00FC9691 /* Default-568h@2x.png in Resources */,
				D2A6BBBD17D7438E001DD64C /* skype.png in Resources */,
				D2A6BBBF17D74395001DD64C /* skype@2x.png in Resources */,
				D2DC797217E059750029F035 /* UITaobaoProductViewController.xib in Resources */,
				D2DC797D17E05D0C0029F035 /* UIYoukuSearchViewController.xib in Resources */,
				D228ECEA17E1A23C000BF466 /* UIMainViewController.xib in Resources */,
				D228ECED17E1A28E000BF466 /* loading.png in Resources */,
				D228ECEE17E1A28E000BF466 /* loading@2x.png in Resources */,
				D228ECF117E1AA33000BF466 /* taobao.png in Resources */,
				D228ECF217E1AA33000BF466 /* taobao@2x.png in Resources */,
				D228ECF517E1AA54000BF466 /* youku.png in Resources */,
				D228ECF617E1AA54000BF466 /* youku@2x.png in Resources */,
				D228ECF917E1AD8F000BF466 /* opr_add.png in Resources */,
				D228ECFA17E1AD8F000BF466 /* opr_add@2x.png in Resources */,
				D228ECFD17E1ADA1000BF466 /* opr_clear.png in Resources */,
				D228ECFE17E1ADA1000BF466 /* opr_clear@2x.png in Resources */,
				D228ED0117E1ADA8000BF466 /* opr_download.png in Resources */,
				D228ED0217E1ADA8000BF466 /* opr_download@2x.png in Resources */,
				D228ED0517E1ADBA000BF466 /* opr_refresh.png in Resources */,
				D228ED0617E1ADBA000BF466 /* opr_refresh@2x.png in Resources */,
				D228ED0917E1ADC2000BF466 /* opr_set.png in Resources */,
				D228ED0A17E1ADC2000BF466 /* opr_set@2x.png in Resources */,
				D228ED0D17E1B0ED000BF466 /* building.png in Resources */,
				D228ED0E17E1B0ED000BF466 /* building@2x.png in Resources */,
				D228ED1517E1C9DA000BF466 /* back.png in Resources */,
				D228ED1617E1C9DA000BF466 /* back@2x.png in Resources */,
			);
			runOnlyForDeploymentPostprocessing = 0;
		};
/* End PBXResourcesBuildPhase section */

/* Begin PBXSourcesBuildPhase section */
		D2484AFE17D716BE00FC9691 /* Sources */ = {
			isa = PBXSourcesBuildPhase;
			buildActionMask = 2147483647;
			files = (
				D2484B1217D716BF00FC9691 /* main.m in Sources */,
				D2484B1617D716BF00FC9691 /* AppDelegate.m in Sources */,
				D2A7604E17D8C09E008965ED /* UIPhotoGalleryView.m in Sources */,
				D2A7604F17D8C09E008965ED /* UITaobaoApiViewController.m in Sources */,
				D2A7605017D8C09E008965ED /* UIPhotoItemView.m in Sources */,
				D2225B9317D9C086001F291A /* UIWebViewController.m in Sources */,
				D2DC78E117E04D530029F035 /* AFHTTPClient.m in Sources */,
				D2DC78E217E04D530029F035 /* AFHTTPRequestOperation.m in Sources */,
				D2DC78E317E04D530029F035 /* AFImageRequestOperation.m in Sources */,
				D2DC78E417E04D530029F035 /* AFJSONRequestOperation.m in Sources */,
				D2DC78E517E04D530029F035 /* AFNetworkActivityIndicatorManager.m in Sources */,
				D2DC78E617E04D530029F035 /* AFPropertyListRequestOperation.m in Sources */,
				D2DC78E717E04D530029F035 /* AFURLConnectionOperation.m in Sources */,
				D2DC78E817E04D530029F035 /* AFXMLRequestOperation.m in Sources */,
				D2DC78E917E04D530029F035 /* UIImageView+AFNetworking.m in Sources */,
				D2DC797117E059750029F035 /* UITaobaoProductViewController.m in Sources */,
				D2DC797C17E05D0C0029F035 /* UIYoukuSearchViewController.m in Sources */,
				D2DC798017E078C70029F035 /* UIYoukuDictionary.m in Sources */,
				D228ECE917E1A23C000BF466 /* UIMainViewController.m in Sources */,
				D20E97BC186C14D9007B4EF6 /* GoogleAnalyticsTools.m in Sources */,
			);
			runOnlyForDeploymentPostprocessing = 0;
		};
/* End PBXSourcesBuildPhase section */

/* Begin PBXVariantGroup section */
		D2484B0E17D716BF00FC9691 /* InfoPlist.strings */ = {
			isa = PBXVariantGroup;
			children = (
				D2484B0F17D716BF00FC9691 /* en */,
			);
			name = InfoPlist.strings;
			sourceTree = "<group>";
		};
/* End PBXVariantGroup section */

/* Begin XCBuildConfiguration section */
		D2484B2317D716BF00FC9691 /* Debug */ = {
			isa = XCBuildConfiguration;
			buildSettings = {
				ALWAYS_SEARCH_USER_PATHS = NO;
				CLANG_CXX_LANGUAGE_STANDARD = "gnu++0x";
				CLANG_CXX_LIBRARY = "libc++";
				CLANG_ENABLE_OBJC_ARC = YES;
				CLANG_WARN_CONSTANT_CONVERSION = YES;
				CLANG_WARN_EMPTY_BODY = YES;
				CLANG_WARN_ENUM_CONVERSION = YES;
				CLANG_WARN_INT_CONVERSION = YES;
				CLANG_WARN__DUPLICATE_METHOD_MATCH = YES;
				"CODE_SIGN_IDENTITY[sdk=iphoneos*]" = "iPhone Developer";
				COPY_PHASE_STRIP = NO;
				GCC_C_LANGUAGE_STANDARD = gnu99;
				GCC_DYNAMIC_NO_PIC = NO;
				GCC_OPTIMIZATION_LEVEL = 0;
				GCC_PREPROCESSOR_DEFINITIONS = (
					"DEBUG=1",
					"$(inherited)",
				);
				GCC_SYMBOLS_PRIVATE_EXTERN = NO;
				GCC_WARN_ABOUT_RETURN_TYPE = YES;
				GCC_WARN_UNINITIALIZED_AUTOS = YES;
				GCC_WARN_UNUSED_VARIABLE = YES;
				IPHONEOS_DEPLOYMENT_TARGET = 6.1;
				ONLY_ACTIVE_ARCH = YES;
				SDKROOT = iphoneos;
			};
			name = Debug;
		};
		D2484B2417D716BF00FC9691 /* Release */ = {
			isa = XCBuildConfiguration;
			buildSettings = {
				ALWAYS_SEARCH_USER_PATHS = NO;
				CLANG_CXX_LANGUAGE_STANDARD = "gnu++0x";
				CLANG_CXX_LIBRARY = "libc++";
				CLANG_ENABLE_OBJC_ARC = YES;
				CLANG_WARN_CONSTANT_CONVERSION = YES;
				CLANG_WARN_EMPTY_BODY = YES;
				CLANG_WARN_ENUM_CONVERSION = YES;
				CLANG_WARN_INT_CONVERSION = YES;
				CLANG_WARN__DUPLICATE_METHOD_MATCH = YES;
				"CODE_SIGN_IDENTITY[sdk=iphoneos*]" = "iPhone Developer";
				COPY_PHASE_STRIP = YES;
				GCC_C_LANGUAGE_STANDARD = gnu99;
				GCC_WARN_ABOUT_RETURN_TYPE = YES;
				GCC_WARN_UNINITIALIZED_AUTOS = YES;
				GCC_WARN_UNUSED_VARIABLE = YES;
				IPHONEOS_DEPLOYMENT_TARGET = 6.1;
				OTHER_CFLAGS = "-DNS_BLOCK_ASSERTIONS=1";
				SDKROOT = iphoneos;
				VALIDATE_PRODUCT = YES;
			};
			name = Release;
		};
		D2484B2617D716BF00FC9691 /* Debug */ = {
			isa = XCBuildConfiguration;
			buildSettings = {
				CLANG_ENABLE_OBJC_ARC = YES;
				FRAMEWORK_SEARCH_PATHS = (
					"$(inherited)",
					"\"$(SRCROOT)\"",
				);
				GCC_PRECOMPILE_PREFIX_HEADER = YES;
				GCC_PREFIX_HEADER = "taobaoApi/taobaoApi-Prefix.pch";
				INFOPLIST_FILE = "taobaoApi/taobaoApi-Info.plist";
				IPHONEOS_DEPLOYMENT_TARGET = 5.0;
				LIBRARY_SEARCH_PATHS = (
					"$(inherited)",
					"$(SRCROOT)",
					"\"$(SRCROOT)/taobaoApi/TaobaoApiHeader\"",
					"\"$(SRCROOT)/taobaoApi/GoogleAnalytics\"",
				);
				OTHER_LDFLAGS = "-ObjC";
				PRODUCT_NAME = "$(TARGET_NAME)";
				USER_HEADER_SEARCH_PATHS = "";
				WRAPPER_EXTENSION = app;
			};
			name = Debug;
		};
		D2484B2717D716BF00FC9691 /* Release */ = {
			isa = XCBuildConfiguration;
			buildSettings = {
				CLANG_ENABLE_OBJC_ARC = YES;
				FRAMEWORK_SEARCH_PATHS = (
					"$(inherited)",
					"\"$(SRCROOT)\"",
				);
				GCC_PRECOMPILE_PREFIX_HEADER = YES;
				GCC_PREFIX_HEADER = "taobaoApi/taobaoApi-Prefix.pch";
				INFOPLIST_FILE = "taobaoApi/taobaoApi-Info.plist";
				IPHONEOS_DEPLOYMENT_TARGET = 5.0;
				LIBRARY_SEARCH_PATHS = (
					"$(inherited)",
					"$(SRCROOT)",
					"\"$(SRCROOT)/taobaoApi/TaobaoApiHeader\"",
					"\"$(SRCROOT)/taobaoApi/GoogleAnalytics\"",
				);
				OTHER_LDFLAGS = "-ObjC";
				PRODUCT_NAME = "$(TARGET_NAME)";
				USER_HEADER_SEARCH_PATHS = "";
				WRAPPER_EXTENSION = app;
			};
			name = Release;
		};
/* End XCBuildConfiguration section */

/* Begin XCConfigurationList section */
		D2484AFD17D716BE00FC9691 /* Build configuration list for PBXProject "taobaoApi" */ = {
			isa = XCConfigurationList;
			buildConfigurations = (
				D2484B2317D716BF00FC9691 /* Debug */,
				D2484B2417D716BF00FC9691 /* Release */,
			);
			defaultConfigurationIsVisible = 0;
			defaultConfigurationName = Release;
		};
		D2484B2517D716BF00FC9691 /* Build configuration list for PBXNativeTarget "taobaoApi" */ = {
			isa = XCConfigurationList;
			buildConfigurations = (
				D2484B2617D716BF00FC9691 /* Debug */,
				D2484B2717D716BF00FC9691 /* Release */,
			);
			defaultConfigurationIsVisible = 0;
			defaultConfigurationName = Release;
		};
/* End XCConfigurationList section */
	};
	rootObject = D2484AFA17D716BE00FC9691 /* Project object */;
}
